
Microsoft Visual Studio Solution File, Format Version 12.00
# Visual Studio Version 16
VisualStudioVersion = 16.0.31321.278
MinimumVisualStudioVersion = 10.0.40219.1
Project("{FAE04EC0-301F-11D3-BF4B-00C04F79EFBC}") = "ClassLib", "ClassLib\ClassLib.csproj", "{A51AF00D-7C7F-4476-AC4A-06B496BCC6BA}"
EndProject
Project("{FAE04EC0-301F-11D3-BF4B-00C04F79EFBC}") = "UnitTestProject1", "UnitTestProject1\UnitTestProject1.csproj", "{C20C30D4-A6A3-46B5-A413-EDAD49248AD5}"
EndProject
Project("{FAE04EC0-301F-11D3-BF4B-00C04F79EFBC}") = "WpfApp1", "WpfApp1\WpfApp1.csproj", "{E68F847C-A9B3-4960-A3D3-9B6337F61FC1}"
	ProjectSection(ProjectDependencies) = postProject
		{A51AF00D-7C7F-4476-AC4A-06B496BCC6BA} = {A51AF00D-7C7F-4476-AC4A-06B496BCC6BA}
	EndProjectSection
EndProject
Global
	GlobalSection(SolutionConfigurationPlatforms) = preSolution
		Debug|Any CPU = Debug|Any CPU
		Release|Any CPU = Release|Any CPU
	EndGlobalSection
	GlobalSection(ProjectConfigurationPlatforms) = postSolution
		{A51AF00D-7C7F-4476-AC4A-06B496BCC6BA}.Debug|Any CPU.ActiveCfg = Debug|Any CPU
		{A51AF00D-7C7F-4476-AC4A-06B496BCC6BA}.Debug|Any CPU.Build.0 = Debug|Any CPU
		{A51AF00D-7C7F-4476-AC4A-06B496BCC6BA}.Release|Any CPU.ActiveCfg = Release|Any CPU
		{A51AF00D-7C7F-4476-AC4A-06B496BCC6BA}.Release|Any CPU.Build.0 = Release|Any CPU
		{C20C30D4-A6A3-46B5-A413-EDAD49248AD5}.Debug|Any CPU.ActiveCfg = Debug|Any CPU
		{C20C30D4-A6A3-46B5-A413-EDAD49248AD5}.Debug|Any CPU.Build.0 = Debug|Any CPU
		{C20C30D4-A6A3-46B5-A413-EDAD49248AD5}.Release|Any CPU.ActiveCfg = Release|Any CPU
		{C20C30D4-A6A3-46B5-A413-EDAD49248AD5}.Release|Any CPU.Build.0 = Release|Any CPU
		{E68F847C-A9B3-4960-A3D3-9B6337F61FC1}.Debug|Any CPU.ActiveCfg = Debug|Any CPU
		{E68F847C-A9B3-4960-A3D3-9B6337F61FC1}.Debug|Any CPU.Build.0 = Debug|Any CPU
		{E68F847C-A9B3-4960-A3D3-9B6337F61FC1}.Release|Any CPU.ActiveCfg = Release|Any CPU
		{E68F847C-A9B3-4960-A3D3-9B6337F61FC1}.Release|Any CPU.Build.0 = Release|Any CPU
	EndGlobalSection
	GlobalSection(SolutionProperties) = preSolution
		HideSolutionNode = FALSE
	EndGlobalSection
	GlobalSection(ExtensibilityGlobals) = postSolution
		SolutionGuid = {F079735A-BDF8-416F-9537-6F6BEA24C58B}
	EndGlobalSection
EndGlobal
